
Microsoft Visual Studio Solution File, Format Version 12.00
# Visual Studio Version 17
VisualStudioVersion = 17.2.32630.192
MinimumVisualStudioVersion = 10.0.40219.1
Project("{FAE04EC0-301F-11D3-BF4B-00C04F79EFBC}") = "MultiApp", "MultiApp\MultiApp.csproj", "{BC981E2F-7CE7-43C9-B7D7-3134D0B3858B}"
EndProject
Project("{E53339B2-1760-4266-BCC7-CA923CBCF16C}") = "docker-compose", "docker-compose.dcproj", "{742F7F32-FAD0-44BD-B653-6B1FEA9519F9}"
EndProject
Project("{9A19103F-16F7-4668-BE54-9A1E7A4F7556}") = "MultiAPI", "MultiAPI\MultiAPI.csproj", "{4CAE3A23-3F92-40EF-8F20-9B70BF4D58A3}"
EndProject
Global
	GlobalSection(SolutionConfigurationPlatforms) = preSolution
		Debug|Any CPU = Debug|Any CPU
		Release|Any CPU = Release|Any CPU
	EndGlobalSection
	GlobalSection(ProjectConfigurationPlatforms) = postSolution
		{BC981E2F-7CE7-43C9-B7D7-3134D0B3858B}.Debug|Any CPU.ActiveCfg = Debug|Any CPU
		{BC981E2F-7CE7-43C9-B7D7-3134D0B3858B}.Debug|Any CPU.Build.0 = Debug|Any CPU
		{BC981E2F-7CE7-43C9-B7D7-3134D0B3858B}.Release|Any CPU.ActiveCfg = Release|Any CPU
		{BC981E2F-7CE7-43C9-B7D7-3134D0B3858B}.Release|Any CPU.Build.0 = Release|Any CPU
		{742F7F32-FAD0-44BD-B653-6B1FEA9519F9}.Debug|Any CPU.ActiveCfg = Debug|Any CPU
		{742F7F32-FAD0-44BD-B653-6B1FEA9519F9}.Debug|Any CPU.Build.0 = Debug|Any CPU
		{742F7F32-FAD0-44BD-B653-6B1FEA9519F9}.Release|Any CPU.ActiveCfg = Release|Any CPU
		{742F7F32-FAD0-44BD-B653-6B1FEA9519F9}.Release|Any CPU.Build.0 = Release|Any CPU
		{4CAE3A23-3F92-40EF-8F20-9B70BF4D58A3}.Debug|Any CPU.ActiveCfg = Debug|Any CPU
		{4CAE3A23-3F92-40EF-8F20-9B70BF4D58A3}.Debug|Any CPU.Build.0 = Debug|Any CPU
		{4CAE3A23-3F92-40EF-8F20-9B70BF4D58A3}.Release|Any CPU.ActiveCfg = Release|Any CPU
		{4CAE3A23-3F92-40EF-8F20-9B70BF4D58A3}.Release|Any CPU.Build.0 = Release|Any CPU
	EndGlobalSection
	GlobalSection(SolutionProperties) = preSolution
		HideSolutionNode = FALSE
	EndGlobalSection
	GlobalSection(ExtensibilityGlobals) = postSolution
		SolutionGuid = {E54AFEB9-50A5-42FE-B5F8-40E8296C0932}
	EndGlobalSection
EndGlobal
